
Microsoft Visual Studio Solution File, Format Version 12.00
# Visual Studio 2012
Project("{E24C65DC-7377-472B-9ABA-BC803B73C61A}") = "fwpt-view", "http://localhost:5241", "{42240303-55AD-4CE5-AD7A-A1A3524199F0}"
	ProjectSection(WebsiteProperties) = preProject
		UseIISExpress = "true"
		TargetFrameworkMoniker = ".NETFramework,Version%3Dv4.5"
		ProjectReferences = "{3b45c42b-8855-40f3-b5f6-de773671713b}|fwpt-core.dll;"
		Debug.AspNetCompiler.VirtualPath = "/localhost_5241"
		Debug.AspNetCompiler.PhysicalPath = "fwpt-view\"
		Debug.AspNetCompiler.TargetPath = "PrecompiledWeb\localhost_5241\"
		Debug.AspNetCompiler.Updateable = "true"
		Debug.AspNetCompiler.ForceOverwrite = "true"
		Debug.AspNetCompiler.FixedNames = "false"
		Debug.AspNetCompiler.Debug = "True"
		Release.AspNetCompiler.VirtualPath = "/localhost_5241"
		Release.AspNetCompiler.PhysicalPath = "fwpt-view\"
		Release.AspNetCompiler.TargetPath = "PrecompiledWeb\localhost_5241\"
		Release.AspNetCompiler.Updateable = "true"
		Release.AspNetCompiler.ForceOverwrite = "true"
		Release.AspNetCompiler.FixedNames = "false"
		Release.AspNetCompiler.Debug = "False"
		SlnRelativePath = "fwpt-view\"
	EndProjectSection
EndProject
Project("{FAE04EC0-301F-11D3-BF4B-00C04F79EFBC}") = "fwpt-core", "fwpt-core\fwpt-core.csproj", "{3B45C42B-8855-40F3-B5F6-DE773671713B}"
EndProject
Global
	GlobalSection(SolutionConfigurationPlatforms) = preSolution
		Debug|Any CPU = Debug|Any CPU
		Debug|x86 = Debug|x86
		Release|Any CPU = Release|Any CPU
		Release|x86 = Release|x86
	EndGlobalSection
	GlobalSection(ProjectConfigurationPlatforms) = postSolution
		{42240303-55AD-4CE5-AD7A-A1A3524199F0}.Debug|Any CPU.ActiveCfg = Debug|Any CPU
		{42240303-55AD-4CE5-AD7A-A1A3524199F0}.Debug|Any CPU.Build.0 = Debug|Any CPU
		{42240303-55AD-4CE5-AD7A-A1A3524199F0}.Debug|x86.ActiveCfg = Debug|Any CPU
		{42240303-55AD-4CE5-AD7A-A1A3524199F0}.Debug|x86.Build.0 = Debug|Any CPU
		{42240303-55AD-4CE5-AD7A-A1A3524199F0}.Release|Any CPU.ActiveCfg = Debug|Any CPU
		{42240303-55AD-4CE5-AD7A-A1A3524199F0}.Release|Any CPU.Build.0 = Debug|Any CPU
		{42240303-55AD-4CE5-AD7A-A1A3524199F0}.Release|x86.ActiveCfg = Debug|Any CPU
		{3B45C42B-8855-40F3-B5F6-DE773671713B}.Debug|Any CPU.ActiveCfg = Debug|Any CPU
		{3B45C42B-8855-40F3-B5F6-DE773671713B}.Debug|Any CPU.Build.0 = Debug|Any CPU
		{3B45C42B-8855-40F3-B5F6-DE773671713B}.Debug|x86.ActiveCfg = Debug|x86
		{3B45C42B-8855-40F3-B5F6-DE773671713B}.Debug|x86.Build.0 = Debug|x86
		{3B45C42B-8855-40F3-B5F6-DE773671713B}.Release|Any CPU.ActiveCfg = Release|Any CPU
		{3B45C42B-8855-40F3-B5F6-DE773671713B}.Release|Any CPU.Build.0 = Release|Any CPU
		{3B45C42B-8855-40F3-B5F6-DE773671713B}.Release|x86.ActiveCfg = Release|x86
		{3B45C42B-8855-40F3-B5F6-DE773671713B}.Release|x86.Build.0 = Release|x86
	EndGlobalSection
	GlobalSection(SolutionProperties) = preSolution
		HideSolutionNode = FALSE
	EndGlobalSection
EndGlobal
